
Microsoft Visual Studio Solution File, Format Version 12.00
# Visual Studio 15
VisualStudioVersion = 15.0.27130.2010
MinimumVisualStudioVersion = 10.0.40219.1
Project("{FAE04EC0-301F-11D3-BF4B-00C04F79EFBC}") = "TfsGamified.Entities", "TfsGamified.Entities\TfsGamified.Entities.csproj", "{3C465E10-526A-4049-BD1C-5B42EB596B3B}"
EndProject
Project("{FAE04EC0-301F-11D3-BF4B-00C04F79EFBC}") = "TfsGamified.Repositories", "TfsGamified.Repository\TfsGamified.Repositories.csproj", "{AEC6E9AF-16D4-4EA1-9B96-498A91F810C9}"
EndProject
Project("{FAE04EC0-301F-11D3-BF4B-00C04F79EFBC}") = "TfsGamified.Services", "TfsGamified.Services\TfsGamified.Services.csproj", "{3673D3A1-9D9E-42ED-8590-22A6F4CE30D5}"
EndProject
Project("{FAE04EC0-301F-11D3-BF4B-00C04F79EFBC}") = "TfsGamified.Web", "TfsGamified.Web\TfsGamified.Web.csproj", "{6E4F51A0-BEDB-4FB1-8E80-904B779D07D0}"
EndProject
Project("{FAE04EC0-301F-11D3-BF4B-00C04F79EFBC}") = "TfsGamified.Configuration", "TfsGamified.Configuration\TfsGamified.Configuration.csproj", "{D7448716-4679-4C2B-B562-9344B7B3C96C}"
EndProject
Project("{2150E333-8FDC-42A3-9474-1A3956D46DE8}") = "1 - Web", "1 - Web", "{C42F6C62-2D29-42BE-8F9F-C9746BC8DCC6}"
EndProject
Project("{2150E333-8FDC-42A3-9474-1A3956D46DE8}") = "2 - Business", "2 - Business", "{FB5D0343-351C-4B4C-BC18-07B1B9BE3269}"
EndProject
Project("{2150E333-8FDC-42A3-9474-1A3956D46DE8}") = "3 - DataBase", "3 - DataBase", "{AEBE9741-A01A-44DF-8BC5-ADA7656FD532}"
EndProject
Project("{2150E333-8FDC-42A3-9474-1A3956D46DE8}") = "4 - Configuration", "4 - Configuration", "{A51C77D8-77B8-4464-8310-17CC46309493}"
EndProject
Project("{FAE04EC0-301F-11D3-BF4B-00C04F79EFBC}") = "TfsGamified.DataBase", "TfsGamified.DataBase\TfsGamified.DataBase.csproj", "{71A5C7BF-B0EF-4059-9297-40AD53C2317C}"
EndProject
Project("{FAE04EC0-301F-11D3-BF4B-00C04F79EFBC}") = "TfsGamified.Common", "TfsGamified.Common\TfsGamified.Common.csproj", "{B2D29678-3C51-466A-A365-D9CB2C6A2E44}"
EndProject
Global
	GlobalSection(SolutionConfigurationPlatforms) = preSolution
		Debug|Any CPU = Debug|Any CPU
		Release|Any CPU = Release|Any CPU
	EndGlobalSection
	GlobalSection(ProjectConfigurationPlatforms) = postSolution
		{3C465E10-526A-4049-BD1C-5B42EB596B3B}.Debug|Any CPU.ActiveCfg = Debug|Any CPU
		{3C465E10-526A-4049-BD1C-5B42EB596B3B}.Debug|Any CPU.Build.0 = Debug|Any CPU
		{3C465E10-526A-4049-BD1C-5B42EB596B3B}.Release|Any CPU.ActiveCfg = Release|Any CPU
		{3C465E10-526A-4049-BD1C-5B42EB596B3B}.Release|Any CPU.Build.0 = Release|Any CPU
		{AEC6E9AF-16D4-4EA1-9B96-498A91F810C9}.Debug|Any CPU.ActiveCfg = Debug|Any CPU
		{AEC6E9AF-16D4-4EA1-9B96-498A91F810C9}.Debug|Any CPU.Build.0 = Debug|Any CPU
		{AEC6E9AF-16D4-4EA1-9B96-498A91F810C9}.Release|Any CPU.ActiveCfg = Release|Any CPU
		{AEC6E9AF-16D4-4EA1-9B96-498A91F810C9}.Release|Any CPU.Build.0 = Release|Any CPU
		{3673D3A1-9D9E-42ED-8590-22A6F4CE30D5}.Debug|Any CPU.ActiveCfg = Debug|Any CPU
		{3673D3A1-9D9E-42ED-8590-22A6F4CE30D5}.Debug|Any CPU.Build.0 = Debug|Any CPU
		{3673D3A1-9D9E-42ED-8590-22A6F4CE30D5}.Release|Any CPU.ActiveCfg = Release|Any CPU
		{3673D3A1-9D9E-42ED-8590-22A6F4CE30D5}.Release|Any CPU.Build.0 = Release|Any CPU
		{6E4F51A0-BEDB-4FB1-8E80-904B779D07D0}.Debug|Any CPU.ActiveCfg = Debug|Any CPU
		{6E4F51A0-BEDB-4FB1-8E80-904B779D07D0}.Debug|Any CPU.Build.0 = Debug|Any CPU
		{6E4F51A0-BEDB-4FB1-8E80-904B779D07D0}.Release|Any CPU.ActiveCfg = Release|Any CPU
		{6E4F51A0-BEDB-4FB1-8E80-904B779D07D0}.Release|Any CPU.Build.0 = Release|Any CPU
		{D7448716-4679-4C2B-B562-9344B7B3C96C}.Debug|Any CPU.ActiveCfg = Debug|Any CPU
		{D7448716-4679-4C2B-B562-9344B7B3C96C}.Debug|Any CPU.Build.0 = Debug|Any CPU
		{D7448716-4679-4C2B-B562-9344B7B3C96C}.Release|Any CPU.ActiveCfg = Release|Any CPU
		{D7448716-4679-4C2B-B562-9344B7B3C96C}.Release|Any CPU.Build.0 = Release|Any CPU
		{71A5C7BF-B0EF-4059-9297-40AD53C2317C}.Debug|Any CPU.ActiveCfg = Debug|Any CPU
		{71A5C7BF-B0EF-4059-9297-40AD53C2317C}.Debug|Any CPU.Build.0 = Debug|Any CPU
		{71A5C7BF-B0EF-4059-9297-40AD53C2317C}.Release|Any CPU.ActiveCfg = Release|Any CPU
		{71A5C7BF-B0EF-4059-9297-40AD53C2317C}.Release|Any CPU.Build.0 = Release|Any CPU
		{B2D29678-3C51-466A-A365-D9CB2C6A2E44}.Debug|Any CPU.ActiveCfg = Debug|Any CPU
		{B2D29678-3C51-466A-A365-D9CB2C6A2E44}.Debug|Any CPU.Build.0 = Debug|Any CPU
		{B2D29678-3C51-466A-A365-D9CB2C6A2E44}.Release|Any CPU.ActiveCfg = Release|Any CPU
		{B2D29678-3C51-466A-A365-D9CB2C6A2E44}.Release|Any CPU.Build.0 = Release|Any CPU
	EndGlobalSection
	GlobalSection(SolutionProperties) = preSolution
		HideSolutionNode = FALSE
	EndGlobalSection
	GlobalSection(NestedProjects) = preSolution
		{3C465E10-526A-4049-BD1C-5B42EB596B3B} = {AEBE9741-A01A-44DF-8BC5-ADA7656FD532}
		{AEC6E9AF-16D4-4EA1-9B96-498A91F810C9} = {AEBE9741-A01A-44DF-8BC5-ADA7656FD532}
		{3673D3A1-9D9E-42ED-8590-22A6F4CE30D5} = {FB5D0343-351C-4B4C-BC18-07B1B9BE3269}
		{6E4F51A0-BEDB-4FB1-8E80-904B779D07D0} = {C42F6C62-2D29-42BE-8F9F-C9746BC8DCC6}
		{D7448716-4679-4C2B-B562-9344B7B3C96C} = {A51C77D8-77B8-4464-8310-17CC46309493}
		{71A5C7BF-B0EF-4059-9297-40AD53C2317C} = {AEBE9741-A01A-44DF-8BC5-ADA7656FD532}
		{B2D29678-3C51-466A-A365-D9CB2C6A2E44} = {FB5D0343-351C-4B4C-BC18-07B1B9BE3269}
	EndGlobalSection
	GlobalSection(ExtensibilityGlobals) = postSolution
		SolutionGuid = {D0D085B8-3494-4F9A-959D-B509847FEDF9}
	EndGlobalSection
EndGlobal
